Microsoft Visual Studio Solution File, Format Version 12.00
# Visual Studio Version 17
VisualStudioVersion = 17.5.2.0
MinimumVisualStudioVersion = 10.0.40219.1
Project("{FAE04EC0-301F-11D3-BF4B-00C04F79EFBC}") = "dotnet-finance-app", "dotnet-finance-app.csproj", "{0386416B-5B91-447B-9C34-BE548EE9E8FA}"
EndProject
Global
	GlobalSection(SolutionConfigurationPlatforms) = preSolution
		Debug|Any CPU = Debug|Any CPU
		Release|Any CPU = Release|Any CPU
	EndGlobalSection
	GlobalSection(ProjectConfigurationPlatforms) = postSolution
		{0386416B-5B91-447B-9C34-BE548EE9E8FA}.Debug|Any CPU.ActiveCfg = Debug|Any CPU
		{0386416B-5B91-447B-9C34-BE548EE9E8FA}.Debug|Any CPU.Build.0 = Debug|Any CPU
		{0386416B-5B91-447B-9C34-BE548EE9E8FA}.Release|Any CPU.ActiveCfg = Release|Any CPU
		{0386416B-5B91-447B-9C34-BE548EE9E8FA}.Release|Any CPU.Build.0 = Release|Any CPU
	EndGlobalSection
	GlobalSection(SolutionProperties) = preSolution
		HideSolutionNode = FALSE
	EndGlobalSection
	GlobalSection(ExtensibilityGlobals) = postSolution
		SolutionGuid = {973EE704-0486-4472-9227-CDAE1ED5D165}
	EndGlobalSection
EndGlobal
